
Microsoft Visual Studio Solution File, Format Version 11.00
# Visual Studio 2010
Project("{8BC9CEB8-8B4A-11D0-8D11-00A0C91BC942}") = "야호", "야호\야호.vcxproj", "{B37AE3F8-9F75-4D92-ABDE-532AC24C2FBB}"
EndProject
Global
	GlobalSection(SolutionConfigurationPlatforms) = preSolution
		Debug|Win32 = Debug|Win32
		Release|Win32 = Release|Win32
	EndGlobalSection
	GlobalSection(ProjectConfigurationPlatforms) = postSolution
		{B37AE3F8-9F75-4D92-ABDE-532AC24C2FBB}.Debug|Win32.ActiveCfg = Debug|Win32
		{B37AE3F8-9F75-4D92-ABDE-532AC24C2FBB}.Debug|Win32.Build.0 = Debug|Win32
		{B37AE3F8-9F75-4D92-ABDE-532AC24C2FBB}.Release|Win32.ActiveCfg = Release|Win32
		{B37AE3F8-9F75-4D92-ABDE-532AC24C2FBB}.Release|Win32.Build.0 = Release|Win32
	EndGlobalSection
	GlobalSection(SolutionProperties) = preSolution
		HideSolutionNode = FALSE
	EndGlobalSection
EndGlobal
