
Microsoft Visual Studio Solution File, Format Version 11.00
# Visual Studio 2010
Project("{8BC9CEB8-8B4A-11D0-8D11-00A0C91BC942}") = "20170518", "20170518\20170518.vcxproj", "{903E43A1-53E2-41CC-BBD4-5A39863A611C}"
EndProject
Global
	GlobalSection(SolutionConfigurationPlatforms) = preSolution
		Debug|Win32 = Debug|Win32
		Release|Win32 = Release|Win32
	EndGlobalSection
	GlobalSection(ProjectConfigurationPlatforms) = postSolution
		{903E43A1-53E2-41CC-BBD4-5A39863A611C}.Debug|Win32.ActiveCfg = Debug|Win32
		{903E43A1-53E2-41CC-BBD4-5A39863A611C}.Debug|Win32.Build.0 = Debug|Win32
		{903E43A1-53E2-41CC-BBD4-5A39863A611C}.Release|Win32.ActiveCfg = Release|Win32
		{903E43A1-53E2-41CC-BBD4-5A39863A611C}.Release|Win32.Build.0 = Release|Win32
	EndGlobalSection
	GlobalSection(SolutionProperties) = preSolution
		HideSolutionNode = FALSE
	EndGlobalSection
EndGlobal
